
Microsoft Visual Studio Solution File, Format Version 12.00
# Visual Studio Version 17
VisualStudioVersion = 17.10.35027.167
MinimumVisualStudioVersion = 10.0.40219.1
Project("{9A19103F-16F7-4668-BE54-9A1E7A4F7556}") = "Day4AdventOfCode", "Day3AdventOfCode\Day4AdventOfCode.csproj", "{99149E07-4CEA-4A83-9A53-C9F3872DF714}"
EndProject
Global
	GlobalSection(SolutionConfigurationPlatforms) = preSolution
		Debug|Any CPU = Debug|Any CPU
		Release|Any CPU = Release|Any CPU
	EndGlobalSection
	GlobalSection(ProjectConfigurationPlatforms) = postSolution
		{99149E07-4CEA-4A83-9A53-C9F3872DF714}.Debug|Any CPU.ActiveCfg = Debug|Any CPU
		{99149E07-4CEA-4A83-9A53-C9F3872DF714}.Debug|Any CPU.Build.0 = Debug|Any CPU
		{99149E07-4CEA-4A83-9A53-C9F3872DF714}.Release|Any CPU.ActiveCfg = Release|Any CPU
		{99149E07-4CEA-4A83-9A53-C9F3872DF714}.Release|Any CPU.Build.0 = Release|Any CPU
	EndGlobalSection
	GlobalSection(SolutionProperties) = preSolution
		HideSolutionNode = FALSE
	EndGlobalSection
	GlobalSection(ExtensibilityGlobals) = postSolution
		SolutionGuid = {8C36617C-874C-4BDA-A6BC-4F9561B082B1}
	EndGlobalSection
EndGlobal
